{
  "nodes": {
    "boost_cmake": {
      "flake": false,
      "locked": {
        "lastModified": 1690986459,
        "narHash": "sha256-Y0NJ8lxgI47+SXc89JuPRfXpRHeWCQK2VzU3uNPgQaQ=",
        "owner": "BoostCMake",
        "repo": "cmake_modules",
        "rev": "5e7425312d9873958db838491883b9e218bb33c9",
        "type": "github"
      },
      "original": {
        "owner": "BoostCMake",
        "repo": "cmake_modules",
        "type": "github"
      }
    },
    "nixpkgs": {
      "locked": {
        "lastModified": 1699744024,
        "narHash": "sha256-3crvOddNS5YJMqQIb2KvpTt3XNvVETdn+rdwhACTPsI=",
        "owner": "NixOS",
        "repo": "nixpkgs",
        "rev": "647a6f42eef18d2e8367f1870dfa718640b8a63a",
        "type": "github"
      },
      "original": {
        "owner": "NixOS",
        "repo": "nixpkgs",
        "type": "github"
      }
    },
    "proof-market-toolchain": {
      "flake": false,
      "locked": {
        "lastModified": 1695816612,
        "narHash": "sha256-5/Aqpyg8x0vI6kiiPn/wMadV3aWfxY+E5Pl50pkaHnE=",
        "ref": "refs/heads/master",
        "rev": "42b87863186084137397d4994c9b45d3acd0608b",
        "revCount": 137,
        "submodules": true,
        "type": "git",
        "url": "https://github.com/NilFoundation/proof-market-toolchain"
      },
      "original": {
        "submodules": true,
        "type": "git",
        "url": "https://github.com/NilFoundation/proof-market-toolchain"
      }
    },
    "root": {
      "inputs": {
        "boost_cmake": "boost_cmake",
        "nixpkgs": "nixpkgs",
        "proof-market-toolchain": "proof-market-toolchain",
        "zkllvm": "zkllvm"
      }
    },
    "zkllvm": {
      "flake": false,
      "locked": {
        "lastModified": 1699731334,
        "narHash": "sha256-8tBUeyRi4ayJhB3nG7gid4SrzKrPo8/ym7vDEXD6AvE=",
        "ref": "refs/heads/master",
        "rev": "64102c597cff1c3f5b18be53d20e38d63edff4c4",
        "revCount": 444,
        "submodules": true,
        "type": "git",
        "url": "https://github.com/NilFoundation/zkllvm"
      },
      "original": {
        "submodules": true,
        "type": "git",
        "url": "https://github.com/NilFoundation/zkllvm"
      }
    }
  },
  "root": "root",
  "version": 7
}
